
Microsoft Visual Studio Solution File, Format Version 12.00
# Visual Studio 2012
Project("{FAE04EC0-301F-11D3-BF4B-00C04F79EFBC}") = "AboutLearningNinjectMVC4", "AboutLearningNinjectMVC4\AboutLearningNinjectMVC4.csproj", "{A7BE42DC-CCFA-4731-AFAA-75D7F6206ABC}"
EndProject
Project("{FAE04EC0-301F-11D3-BF4B-00C04F79EFBC}") = "AboutCustomLogin", "AboutCustomLogin\AboutCustomLogin.csproj", "{01ACACE4-A74A-4EAF-AB1E-F44D705D2DE5}"
EndProject
Project("{FAE04EC0-301F-11D3-BF4B-00C04F79EFBC}") = "AboutNinjectManually", "AboutNinjectManually\AboutNinjectManually.csproj", "{D33AC84F-31FB-4657-A8EA-ABF5261D840E}"
EndProject
Global
	GlobalSection(SolutionConfigurationPlatforms) = preSolution
		Debug|Any CPU = Debug|Any CPU
		Release|Any CPU = Release|Any CPU
	EndGlobalSection
	GlobalSection(ProjectConfigurationPlatforms) = postSolution
		{A7BE42DC-CCFA-4731-AFAA-75D7F6206ABC}.Debug|Any CPU.ActiveCfg = Debug|Any CPU
		{A7BE42DC-CCFA-4731-AFAA-75D7F6206ABC}.Debug|Any CPU.Build.0 = Debug|Any CPU
		{A7BE42DC-CCFA-4731-AFAA-75D7F6206ABC}.Release|Any CPU.ActiveCfg = Release|Any CPU
		{A7BE42DC-CCFA-4731-AFAA-75D7F6206ABC}.Release|Any CPU.Build.0 = Release|Any CPU
		{01ACACE4-A74A-4EAF-AB1E-F44D705D2DE5}.Debug|Any CPU.ActiveCfg = Debug|Any CPU
		{01ACACE4-A74A-4EAF-AB1E-F44D705D2DE5}.Debug|Any CPU.Build.0 = Debug|Any CPU
		{01ACACE4-A74A-4EAF-AB1E-F44D705D2DE5}.Release|Any CPU.ActiveCfg = Release|Any CPU
		{01ACACE4-A74A-4EAF-AB1E-F44D705D2DE5}.Release|Any CPU.Build.0 = Release|Any CPU
		{D33AC84F-31FB-4657-A8EA-ABF5261D840E}.Debug|Any CPU.ActiveCfg = Debug|Any CPU
		{D33AC84F-31FB-4657-A8EA-ABF5261D840E}.Debug|Any CPU.Build.0 = Debug|Any CPU
		{D33AC84F-31FB-4657-A8EA-ABF5261D840E}.Release|Any CPU.ActiveCfg = Release|Any CPU
		{D33AC84F-31FB-4657-A8EA-ABF5261D840E}.Release|Any CPU.Build.0 = Release|Any CPU
	EndGlobalSection
	GlobalSection(SolutionProperties) = preSolution
		HideSolutionNode = FALSE
	EndGlobalSection
EndGlobal
