
Microsoft Visual Studio Solution File, Format Version 12.00
# Visual Studio 2012
Project("{FAE04EC0-301F-11D3-BF4B-00C04F79EFBC}") = "AboutLearningNinjectMVC4", "AboutLearningNinjectMVC4\AboutLearningNinjectMVC4.csproj", "{A7BE42DC-CCFA-4731-AFAA-75D7F6206ABC}"
EndProject
Global
	GlobalSection(SolutionConfigurationPlatforms) = preSolution
		Debug|Any CPU = Debug|Any CPU
		Release|Any CPU = Release|Any CPU
	EndGlobalSection
	GlobalSection(ProjectConfigurationPlatforms) = postSolution
		{A7BE42DC-CCFA-4731-AFAA-75D7F6206ABC}.Debug|Any CPU.ActiveCfg = Debug|Any CPU
		{A7BE42DC-CCFA-4731-AFAA-75D7F6206ABC}.Debug|Any CPU.Build.0 = Debug|Any CPU
		{A7BE42DC-CCFA-4731-AFAA-75D7F6206ABC}.Release|Any CPU.ActiveCfg = Release|Any CPU
		{A7BE42DC-CCFA-4731-AFAA-75D7F6206ABC}.Release|Any CPU.Build.0 = Release|Any CPU
	EndGlobalSection
	GlobalSection(SolutionProperties) = preSolution
		HideSolutionNode = FALSE
	EndGlobalSection
EndGlobal
